
Microsoft Visual Studio Solution File, Format Version 12.00
# Visual Studio Version 17
VisualStudioVersion = 17.6.33815.320
MinimumVisualStudioVersion = 10.0.40219.1
Project("{9A19103F-16F7-4668-BE54-9A1E7A4F7556}") = "SaveLife.Stats.Downloader", "SaveLife.Stats.Downloader\SaveLife.Stats.Downloader.csproj", "{F3D4B3BC-3988-45A2-96C7-B58A3DAA5521}"
EndProject
Project("{9A19103F-16F7-4668-BE54-9A1E7A4F7556}") = "SaveLife.Stats.Data", "SaveLife.Stats.Data\SaveLife.Stats.Data.csproj", "{5A007C37-31A2-411D-BBB9-348B30F7355D}"
EndProject
Project("{9A19103F-16F7-4668-BE54-9A1E7A4F7556}") = "SaveLife.Stats.DataParser", "SaveLife.Stats.DataParser\SaveLife.Stats.DataParser.csproj", "{E8C87EEA-DC20-4C96-9452-35F4939A7A73}"
EndProject
Project("{9A19103F-16F7-4668-BE54-9A1E7A4F7556}") = "SaveLife.Stats.Domain", "SaveLife.Stats.Domain\SaveLife.Stats.Domain.csproj", "{AB7D68FD-605F-49E3-AD1A-872750BA3CDE}"
EndProject
Project("{2150E333-8FDC-42A3-9474-1A3956D46DE8}") = "tests", "tests", "{6298CCAF-CF63-40AB-B3A2-1763289D1F0E}"
EndProject
Project("{9A19103F-16F7-4668-BE54-9A1E7A4F7556}") = "SaveLife.Stats.Downloader.Tests", "tests\SaveLife.Stats.Downloader.Tests\SaveLife.Stats.Downloader.Tests.csproj", "{AF3E735C-62AD-4E2C-8342-831D3D8BEB20}"
EndProject
Project("{9A19103F-16F7-4668-BE54-9A1E7A4F7556}") = "SaveLife.Stats.Indexer", "SaveLife.Stats.Indexer\SaveLife.Stats.Indexer.csproj", "{536710D1-9307-4515-9FAF-BCD02FD2570A}"
EndProject
Project("{2150E333-8FDC-42A3-9474-1A3956D46DE8}") = "Solution Items", "Solution Items", "{C62CC682-B0D8-482C-8A39-D52C1E871E1F}"
	ProjectSection(SolutionItems) = preProject
		docker-compose.yml = docker-compose.yml
		es-data-queries.json = es-data-queries.json
		file-stream-demo-distributed.properties = file-stream-demo-distributed.properties
		README.md = README.md
		SaveLife.Stats.Data\Raw\transactions_1-2023.json = SaveLife.Stats.Data\Raw\transactions_1-2023.json
	EndProjectSection
EndProject
Project("{9A19103F-16F7-4668-BE54-9A1E7A4F7556}") = "SaveLife.Stats.Domain.Tests", "SaveLife.Stats.Domain.Tests\SaveLife.Stats.Domain.Tests.csproj", "{5C854030-2C5E-4CEB-B6A4-558F47278AAB}"
EndProject
Global
	GlobalSection(SolutionConfigurationPlatforms) = preSolution
		Debug|Any CPU = Debug|Any CPU
		Release|Any CPU = Release|Any CPU
	EndGlobalSection
	GlobalSection(ProjectConfigurationPlatforms) = postSolution
		{F3D4B3BC-3988-45A2-96C7-B58A3DAA5521}.Debug|Any CPU.ActiveCfg = Debug|Any CPU
		{F3D4B3BC-3988-45A2-96C7-B58A3DAA5521}.Debug|Any CPU.Build.0 = Debug|Any CPU
		{F3D4B3BC-3988-45A2-96C7-B58A3DAA5521}.Release|Any CPU.ActiveCfg = Release|Any CPU
		{F3D4B3BC-3988-45A2-96C7-B58A3DAA5521}.Release|Any CPU.Build.0 = Release|Any CPU
		{5A007C37-31A2-411D-BBB9-348B30F7355D}.Debug|Any CPU.ActiveCfg = Debug|Any CPU
		{5A007C37-31A2-411D-BBB9-348B30F7355D}.Debug|Any CPU.Build.0 = Debug|Any CPU
		{5A007C37-31A2-411D-BBB9-348B30F7355D}.Release|Any CPU.ActiveCfg = Release|Any CPU
		{5A007C37-31A2-411D-BBB9-348B30F7355D}.Release|Any CPU.Build.0 = Release|Any CPU
		{E8C87EEA-DC20-4C96-9452-35F4939A7A73}.Debug|Any CPU.ActiveCfg = Debug|Any CPU
		{E8C87EEA-DC20-4C96-9452-35F4939A7A73}.Debug|Any CPU.Build.0 = Debug|Any CPU
		{E8C87EEA-DC20-4C96-9452-35F4939A7A73}.Release|Any CPU.ActiveCfg = Release|Any CPU
		{E8C87EEA-DC20-4C96-9452-35F4939A7A73}.Release|Any CPU.Build.0 = Release|Any CPU
		{AB7D68FD-605F-49E3-AD1A-872750BA3CDE}.Debug|Any CPU.ActiveCfg = Debug|Any CPU
		{AB7D68FD-605F-49E3-AD1A-872750BA3CDE}.Debug|Any CPU.Build.0 = Debug|Any CPU
		{AB7D68FD-605F-49E3-AD1A-872750BA3CDE}.Release|Any CPU.ActiveCfg = Release|Any CPU
		{AB7D68FD-605F-49E3-AD1A-872750BA3CDE}.Release|Any CPU.Build.0 = Release|Any CPU
		{AF3E735C-62AD-4E2C-8342-831D3D8BEB20}.Debug|Any CPU.ActiveCfg = Debug|Any CPU
		{AF3E735C-62AD-4E2C-8342-831D3D8BEB20}.Debug|Any CPU.Build.0 = Debug|Any CPU
		{AF3E735C-62AD-4E2C-8342-831D3D8BEB20}.Release|Any CPU.ActiveCfg = Release|Any CPU
		{AF3E735C-62AD-4E2C-8342-831D3D8BEB20}.Release|Any CPU.Build.0 = Release|Any CPU
		{536710D1-9307-4515-9FAF-BCD02FD2570A}.Debug|Any CPU.ActiveCfg = Debug|Any CPU
		{536710D1-9307-4515-9FAF-BCD02FD2570A}.Debug|Any CPU.Build.0 = Debug|Any CPU
		{536710D1-9307-4515-9FAF-BCD02FD2570A}.Release|Any CPU.ActiveCfg = Release|Any CPU
		{536710D1-9307-4515-9FAF-BCD02FD2570A}.Release|Any CPU.Build.0 = Release|Any CPU
		{5C854030-2C5E-4CEB-B6A4-558F47278AAB}.Debug|Any CPU.ActiveCfg = Debug|Any CPU
		{5C854030-2C5E-4CEB-B6A4-558F47278AAB}.Debug|Any CPU.Build.0 = Debug|Any CPU
		{5C854030-2C5E-4CEB-B6A4-558F47278AAB}.Release|Any CPU.ActiveCfg = Release|Any CPU
		{5C854030-2C5E-4CEB-B6A4-558F47278AAB}.Release|Any CPU.Build.0 = Release|Any CPU
	EndGlobalSection
	GlobalSection(SolutionProperties) = preSolution
		HideSolutionNode = FALSE
	EndGlobalSection
	GlobalSection(NestedProjects) = preSolution
		{AF3E735C-62AD-4E2C-8342-831D3D8BEB20} = {6298CCAF-CF63-40AB-B3A2-1763289D1F0E}
		{5C854030-2C5E-4CEB-B6A4-558F47278AAB} = {6298CCAF-CF63-40AB-B3A2-1763289D1F0E}
	EndGlobalSection
	GlobalSection(ExtensibilityGlobals) = postSolution
		SolutionGuid = {CD7C6FF4-4AB0-4A59-A3AE-641806DEC31D}
	EndGlobalSection
EndGlobal
